
Microsoft Visual Studio Solution File, Format Version 12.00
# Visual Studio 14
VisualStudioVersion = 14.0.23107.0
MinimumVisualStudioVersion = 10.0.40219.1
Project("{FAE04EC0-301F-11D3-BF4B-00C04F79EFBC}") = "AutoCreate", "AutoCreate\AutoCreate.csproj", "{54D6C917-3DEC-437C-BCF6-867C99172DBA}"
EndProject
Global
	GlobalSection(SolutionConfigurationPlatforms) = preSolution
		Debug|Any CPU = Debug|Any CPU
		Release|Any CPU = Release|Any CPU
	EndGlobalSection
	GlobalSection(ProjectConfigurationPlatforms) = postSolution
		{54D6C917-3DEC-437C-BCF6-867C99172DBA}.Debug|Any CPU.ActiveCfg = Debug|Any CPU
		{54D6C917-3DEC-437C-BCF6-867C99172DBA}.Debug|Any CPU.Build.0 = Debug|Any CPU
		{54D6C917-3DEC-437C-BCF6-867C99172DBA}.Release|Any CPU.ActiveCfg = Release|Any CPU
		{54D6C917-3DEC-437C-BCF6-867C99172DBA}.Release|Any CPU.Build.0 = Release|Any CPU
	EndGlobalSection
	GlobalSection(SolutionProperties) = preSolution
		HideSolutionNode = FALSE
	EndGlobalSection
EndGlobal
